
Microsoft Visual Studio Solution File, Format Version 12.00
# Visual Studio 2013
VisualStudioVersion = 12.0.30723.0
MinimumVisualStudioVersion = 10.0.40219.1
Project("{FAE04EC0-301F-11D3-BF4B-00C04F79EFBC}") = "01-MobileBg", "01-MobileBg\01-MobileBg.csproj", "{BAF2B0C5-6FC4-4CA9-845E-E797A93EB3E3}"
EndProject
Project("{FAE04EC0-301F-11D3-BF4B-00C04F79EFBC}") = "02-Employees", "02-Employees\02-Employees.csproj", "{480FFDB8-A1B1-44F2-8EE6-440A35EE32F0}"
EndProject
Project("{FAE04EC0-301F-11D3-BF4B-00C04F79EFBC}") = "04-EmpployeesFormView", "03-EmpployeesFormView\04-EmpployeesFormView.csproj", "{A86AEAC5-5E89-458B-A6BE-01741031B737}"
EndProject
Project("{FAE04EC0-301F-11D3-BF4B-00C04F79EFBC}") = "05-EmployeesRepeater", "04-EmployeesRepeater\05-EmployeesRepeater.csproj", "{72B21330-BC65-43AF-A0ED-5313855ABC07}"
EndProject
Project("{FAE04EC0-301F-11D3-BF4B-00C04F79EFBC}") = "06-Employees-ListView", "05-Employees-ListView\06-Employees-ListView.csproj", "{91F585E3-0090-4BC1-BA40-CE5043550E36}"
EndProject
Project("{FAE04EC0-301F-11D3-BF4B-00C04F79EFBC}") = "Northwind", "Northwind\Northwind.csproj", "{E39A2683-4AEA-40B0-A07B-7BD08877A0E8}"
EndProject
Global
	GlobalSection(SolutionConfigurationPlatforms) = preSolution
		Debug|Any CPU = Debug|Any CPU
		Release|Any CPU = Release|Any CPU
	EndGlobalSection
	GlobalSection(ProjectConfigurationPlatforms) = postSolution
		{BAF2B0C5-6FC4-4CA9-845E-E797A93EB3E3}.Debug|Any CPU.ActiveCfg = Debug|Any CPU
		{BAF2B0C5-6FC4-4CA9-845E-E797A93EB3E3}.Debug|Any CPU.Build.0 = Debug|Any CPU
		{BAF2B0C5-6FC4-4CA9-845E-E797A93EB3E3}.Release|Any CPU.ActiveCfg = Release|Any CPU
		{BAF2B0C5-6FC4-4CA9-845E-E797A93EB3E3}.Release|Any CPU.Build.0 = Release|Any CPU
		{480FFDB8-A1B1-44F2-8EE6-440A35EE32F0}.Debug|Any CPU.ActiveCfg = Debug|Any CPU
		{480FFDB8-A1B1-44F2-8EE6-440A35EE32F0}.Debug|Any CPU.Build.0 = Debug|Any CPU
		{480FFDB8-A1B1-44F2-8EE6-440A35EE32F0}.Release|Any CPU.ActiveCfg = Release|Any CPU
		{480FFDB8-A1B1-44F2-8EE6-440A35EE32F0}.Release|Any CPU.Build.0 = Release|Any CPU
		{A86AEAC5-5E89-458B-A6BE-01741031B737}.Debug|Any CPU.ActiveCfg = Debug|Any CPU
		{A86AEAC5-5E89-458B-A6BE-01741031B737}.Debug|Any CPU.Build.0 = Debug|Any CPU
		{A86AEAC5-5E89-458B-A6BE-01741031B737}.Release|Any CPU.ActiveCfg = Release|Any CPU
		{A86AEAC5-5E89-458B-A6BE-01741031B737}.Release|Any CPU.Build.0 = Release|Any CPU
		{72B21330-BC65-43AF-A0ED-5313855ABC07}.Debug|Any CPU.ActiveCfg = Debug|Any CPU
		{72B21330-BC65-43AF-A0ED-5313855ABC07}.Debug|Any CPU.Build.0 = Debug|Any CPU
		{72B21330-BC65-43AF-A0ED-5313855ABC07}.Release|Any CPU.ActiveCfg = Release|Any CPU
		{72B21330-BC65-43AF-A0ED-5313855ABC07}.Release|Any CPU.Build.0 = Release|Any CPU
		{91F585E3-0090-4BC1-BA40-CE5043550E36}.Debug|Any CPU.ActiveCfg = Debug|Any CPU
		{91F585E3-0090-4BC1-BA40-CE5043550E36}.Debug|Any CPU.Build.0 = Debug|Any CPU
		{91F585E3-0090-4BC1-BA40-CE5043550E36}.Release|Any CPU.ActiveCfg = Release|Any CPU
		{91F585E3-0090-4BC1-BA40-CE5043550E36}.Release|Any CPU.Build.0 = Release|Any CPU
		{E39A2683-4AEA-40B0-A07B-7BD08877A0E8}.Debug|Any CPU.ActiveCfg = Debug|Any CPU
		{E39A2683-4AEA-40B0-A07B-7BD08877A0E8}.Debug|Any CPU.Build.0 = Debug|Any CPU
		{E39A2683-4AEA-40B0-A07B-7BD08877A0E8}.Release|Any CPU.ActiveCfg = Release|Any CPU
		{E39A2683-4AEA-40B0-A07B-7BD08877A0E8}.Release|Any CPU.Build.0 = Release|Any CPU
	EndGlobalSection
	GlobalSection(SolutionProperties) = preSolution
		HideSolutionNode = FALSE
	EndGlobalSection
EndGlobal
