
Microsoft Visual Studio Solution File, Format Version 12.00
# Visual Studio 2013
VisualStudioVersion = 12.0.30723.0
MinimumVisualStudioVersion = 10.0.40219.1
Project("{FAE04EC0-301F-11D3-BF4B-00C04F79EFBC}") = "01.BrowserTypeAndIp", "01.BrowserTypeAndIp\01.BrowserTypeAndIp.csproj", "{B91371B1-BBD2-4AD8-BC28-C7BA83E092FE}"
EndProject
Project("{FAE04EC0-301F-11D3-BF4B-00C04F79EFBC}") = "02.SessionList", "02.SessionList\02.SessionList.csproj", "{AC1B4D9D-DC34-4D75-A535-D02226DEBAA2}"
EndProject
Project("{FAE04EC0-301F-11D3-BF4B-00C04F79EFBC}") = "03.CookieExchange", "03.CookieExchange\03.CookieExchange.csproj", "{E2AD6C55-4A90-4B54-A8A1-CDAF186FA7EA}"
EndProject
Project("{FAE04EC0-301F-11D3-BF4B-00C04F79EFBC}") = "04.DeleteViewState", "04.DeleteViewState\04.DeleteViewState.csproj", "{97C48FEC-9936-4244-9AFE-9C78827F21C4}"
EndProject
Project("{FAE04EC0-301F-11D3-BF4B-00C04F79EFBC}") = "05.VisitsCounterAppObject", "05.VisitsCounterAppObject\05.VisitsCounterAppObject.csproj", "{A0A962F1-9F04-4EB6-A384-7790D51E496A}"
EndProject
Project("{FAE04EC0-301F-11D3-BF4B-00C04F79EFBC}") = "06.VisitsCounterSqlServer", "06.VisitsCounterSqlServer\06.VisitsCounterSqlServer.csproj", "{59B0ECBB-09DB-4163-B306-8E404D436742}"
EndProject
Global
	GlobalSection(SolutionConfigurationPlatforms) = preSolution
		Debug|Any CPU = Debug|Any CPU
		Release|Any CPU = Release|Any CPU
	EndGlobalSection
	GlobalSection(ProjectConfigurationPlatforms) = postSolution
		{B91371B1-BBD2-4AD8-BC28-C7BA83E092FE}.Debug|Any CPU.ActiveCfg = Debug|Any CPU
		{B91371B1-BBD2-4AD8-BC28-C7BA83E092FE}.Debug|Any CPU.Build.0 = Debug|Any CPU
		{B91371B1-BBD2-4AD8-BC28-C7BA83E092FE}.Release|Any CPU.ActiveCfg = Release|Any CPU
		{B91371B1-BBD2-4AD8-BC28-C7BA83E092FE}.Release|Any CPU.Build.0 = Release|Any CPU
		{AC1B4D9D-DC34-4D75-A535-D02226DEBAA2}.Debug|Any CPU.ActiveCfg = Debug|Any CPU
		{AC1B4D9D-DC34-4D75-A535-D02226DEBAA2}.Debug|Any CPU.Build.0 = Debug|Any CPU
		{AC1B4D9D-DC34-4D75-A535-D02226DEBAA2}.Release|Any CPU.ActiveCfg = Release|Any CPU
		{AC1B4D9D-DC34-4D75-A535-D02226DEBAA2}.Release|Any CPU.Build.0 = Release|Any CPU
		{E2AD6C55-4A90-4B54-A8A1-CDAF186FA7EA}.Debug|Any CPU.ActiveCfg = Debug|Any CPU
		{E2AD6C55-4A90-4B54-A8A1-CDAF186FA7EA}.Debug|Any CPU.Build.0 = Debug|Any CPU
		{E2AD6C55-4A90-4B54-A8A1-CDAF186FA7EA}.Release|Any CPU.ActiveCfg = Release|Any CPU
		{E2AD6C55-4A90-4B54-A8A1-CDAF186FA7EA}.Release|Any CPU.Build.0 = Release|Any CPU
		{97C48FEC-9936-4244-9AFE-9C78827F21C4}.Debug|Any CPU.ActiveCfg = Debug|Any CPU
		{97C48FEC-9936-4244-9AFE-9C78827F21C4}.Debug|Any CPU.Build.0 = Debug|Any CPU
		{97C48FEC-9936-4244-9AFE-9C78827F21C4}.Release|Any CPU.ActiveCfg = Release|Any CPU
		{97C48FEC-9936-4244-9AFE-9C78827F21C4}.Release|Any CPU.Build.0 = Release|Any CPU
		{A0A962F1-9F04-4EB6-A384-7790D51E496A}.Debug|Any CPU.ActiveCfg = Debug|Any CPU
		{A0A962F1-9F04-4EB6-A384-7790D51E496A}.Debug|Any CPU.Build.0 = Debug|Any CPU
		{A0A962F1-9F04-4EB6-A384-7790D51E496A}.Release|Any CPU.ActiveCfg = Release|Any CPU
		{A0A962F1-9F04-4EB6-A384-7790D51E496A}.Release|Any CPU.Build.0 = Release|Any CPU
		{59B0ECBB-09DB-4163-B306-8E404D436742}.Debug|Any CPU.ActiveCfg = Debug|Any CPU
		{59B0ECBB-09DB-4163-B306-8E404D436742}.Debug|Any CPU.Build.0 = Debug|Any CPU
		{59B0ECBB-09DB-4163-B306-8E404D436742}.Release|Any CPU.ActiveCfg = Release|Any CPU
		{59B0ECBB-09DB-4163-B306-8E404D436742}.Release|Any CPU.Build.0 = Release|Any CPU
	EndGlobalSection
	GlobalSection(SolutionProperties) = preSolution
		HideSolutionNode = FALSE
	EndGlobalSection
EndGlobal
